
Microsoft Visual Studio Solution File, Format Version 12.00
# Visual Studio 15
Project("{FAE04EC0-301F-11D3-BF4B-00C04F79EFBC}") = "Mirror.Tests", "Mirror.Tests.csproj", "{89A51485-4391-2AF4-14A9-38F90AA093A3}"
EndProject
Project("{FAE04EC0-301F-11D3-BF4B-00C04F79EFBC}") = "Mirror", "Mirror.csproj", "{BC717AA3-9CD7-1B92-19DC-5B4B99F29A41}"
EndProject
Project("{FAE04EC0-301F-11D3-BF4B-00C04F79EFBC}") = "kcp2k", "kcp2k.csproj", "{A28AADA7-3AF5-FAA1-DB04-0BDF428A15DA}"
EndProject
Project("{FAE04EC0-301F-11D3-BF4B-00C04F79EFBC}") = "Mirror.Transports", "Mirror.Transports.csproj", "{78550564-C180-85B0-4B8E-36360C97B3A6}"
EndProject
Project("{FAE04EC0-301F-11D3-BF4B-00C04F79EFBC}") = "Edgegap", "Edgegap.csproj", "{51DFD21E-CC80-5062-DD3B-AA83078229CA}"
EndProject
Project("{FAE04EC0-301F-11D3-BF4B-00C04F79EFBC}") = "Mirror.Examples", "Mirror.Examples.csproj", "{EDB0838C-74EA-1392-5B75-89BD83A819B3}"
EndProject
Project("{FAE04EC0-301F-11D3-BF4B-00C04F79EFBC}") = "Mirror.Components", "Mirror.Components.csproj", "{6401BB45-8DDF-2BEB-4B02-363185BD3AB3}"
EndProject
Project("{FAE04EC0-301F-11D3-BF4B-00C04F79EFBC}") = "Unity.Mirror.CodeGen", "Unity.Mirror.CodeGen.csproj", "{DF32186D-C41A-99A2-B4F2-DE4AEE14C1D4}"
EndProject
Project("{FAE04EC0-301F-11D3-BF4B-00C04F79EFBC}") = "Mirror.Tests.Runtime", "Mirror.Tests.Runtime.csproj", "{586A8757-9001-AB1E-3E03-2F003B32B3BE}"
EndProject
Project("{FAE04EC0-301F-11D3-BF4B-00C04F79EFBC}") = "SimpleWebTransport", "SimpleWebTransport.csproj", "{17456CB3-648F-99DD-045F-C5867C1EEEFE}"
EndProject
Project("{FAE04EC0-301F-11D3-BF4B-00C04F79EFBC}") = "Telepathy", "Telepathy.csproj", "{8BAD5E56-946D-A41C-4520-4C82A97A0CDB}"
EndProject
Project("{FAE04EC0-301F-11D3-BF4B-00C04F79EFBC}") = "Mirror.Editor", "Mirror.Editor.csproj", "{533298CC-B9AB-6547-2218-AE4833B48CC8}"
EndProject
Project("{FAE04EC0-301F-11D3-BF4B-00C04F79EFBC}") = "Assembly-CSharp-Editor", "Assembly-CSharp-Editor.csproj", "{D457B7D6-AF16-FF87-3889-1A43FE4617B6}"
EndProject
Project("{FAE04EC0-301F-11D3-BF4B-00C04F79EFBC}") = "Mirror.Tests.Common", "Mirror.Tests.Common.csproj", "{F3E80AB1-A318-6239-F8AD-FB8542B9C970}"
EndProject
Project("{FAE04EC0-301F-11D3-BF4B-00C04F79EFBC}") = "Mirror.Tests.EditorBehaviours", "Mirror.Tests.EditorBehaviours.csproj", "{6C43DE24-44C8-D1AC-AB3F-194FDA2A033E}"
EndProject
Project("{FAE04EC0-301F-11D3-BF4B-00C04F79EFBC}") = "Mirror.Authenticators", "Mirror.Authenticators.csproj", "{DE80EE7A-A384-017D-6DD3-50BA912FBD09}"
EndProject
Project("{FAE04EC0-301F-11D3-BF4B-00C04F79EFBC}") = "Assembly-CSharp", "Assembly-CSharp.csproj", "{8FACD5A6-0E3F-6E2E-6A68-904F02D63163}"
EndProject
Project("{FAE04EC0-301F-11D3-BF4B-00C04F79EFBC}") = "WeaverTestExtraAssembly", "WeaverTestExtraAssembly.csproj", "{C4EFD1F0-EF34-DF50-F500-CF4194CA6EA4}"
EndProject
Project("{FAE04EC0-301F-11D3-BF4B-00C04F79EFBC}") = "Mirror.CompilerSymbols", "Mirror.CompilerSymbols.csproj", "{897BDA9D-241A-3245-25AF-B80CBF93A377}"
EndProject
Project("{FAE04EC0-301F-11D3-BF4B-00C04F79EFBC}") = "EncryptionTransportEditor", "EncryptionTransportEditor.csproj", "{19675305-6956-C56E-0E2A-B2D3521E908C}"
EndProject
Global
	GlobalSection(SolutionConfigurationPlatforms) = preSolution
		Debug|Any CPU = Debug|Any CPU
		Release|Any CPU = Release|Any CPU
	EndGlobalSection
	GlobalSection(ProjectConfigurationPlatforms) = postSolution
		{89A51485-4391-2AF4-14A9-38F90AA093A3}.Debug|Any CPU.ActiveCfg = Debug|Any CPU
		{89A51485-4391-2AF4-14A9-38F90AA093A3}.Debug|Any CPU.Build.0 = Debug|Any CPU
		{89A51485-4391-2AF4-14A9-38F90AA093A3}.Release|Any CPU.ActiveCfg = Release|Any CPU
		{89A51485-4391-2AF4-14A9-38F90AA093A3}.Release|Any CPU.Build.0 = Release|Any CPU
		{BC717AA3-9CD7-1B92-19DC-5B4B99F29A41}.Debug|Any CPU.ActiveCfg = Debug|Any CPU
		{BC717AA3-9CD7-1B92-19DC-5B4B99F29A41}.Debug|Any CPU.Build.0 = Debug|Any CPU
		{BC717AA3-9CD7-1B92-19DC-5B4B99F29A41}.Release|Any CPU.ActiveCfg = Release|Any CPU
		{BC717AA3-9CD7-1B92-19DC-5B4B99F29A41}.Release|Any CPU.Build.0 = Release|Any CPU
		{A28AADA7-3AF5-FAA1-DB04-0BDF428A15DA}.Debug|Any CPU.ActiveCfg = Debug|Any CPU
		{A28AADA7-3AF5-FAA1-DB04-0BDF428A15DA}.Debug|Any CPU.Build.0 = Debug|Any CPU
		{A28AADA7-3AF5-FAA1-DB04-0BDF428A15DA}.Release|Any CPU.ActiveCfg = Release|Any CPU
		{A28AADA7-3AF5-FAA1-DB04-0BDF428A15DA}.Release|Any CPU.Build.0 = Release|Any CPU
		{78550564-C180-85B0-4B8E-36360C97B3A6}.Debug|Any CPU.ActiveCfg = Debug|Any CPU
		{78550564-C180-85B0-4B8E-36360C97B3A6}.Debug|Any CPU.Build.0 = Debug|Any CPU
		{78550564-C180-85B0-4B8E-36360C97B3A6}.Release|Any CPU.ActiveCfg = Release|Any CPU
		{78550564-C180-85B0-4B8E-36360C97B3A6}.Release|Any CPU.Build.0 = Release|Any CPU
		{51DFD21E-CC80-5062-DD3B-AA83078229CA}.Debug|Any CPU.ActiveCfg = Debug|Any CPU
		{51DFD21E-CC80-5062-DD3B-AA83078229CA}.Debug|Any CPU.Build.0 = Debug|Any CPU
		{51DFD21E-CC80-5062-DD3B-AA83078229CA}.Release|Any CPU.ActiveCfg = Release|Any CPU
		{51DFD21E-CC80-5062-DD3B-AA83078229CA}.Release|Any CPU.Build.0 = Release|Any CPU
		{EDB0838C-74EA-1392-5B75-89BD83A819B3}.Debug|Any CPU.ActiveCfg = Debug|Any CPU
		{EDB0838C-74EA-1392-5B75-89BD83A819B3}.Debug|Any CPU.Build.0 = Debug|Any CPU
		{EDB0838C-74EA-1392-5B75-89BD83A819B3}.Release|Any CPU.ActiveCfg = Release|Any CPU
		{EDB0838C-74EA-1392-5B75-89BD83A819B3}.Release|Any CPU.Build.0 = Release|Any CPU
		{6401BB45-8DDF-2BEB-4B02-363185BD3AB3}.Debug|Any CPU.ActiveCfg = Debug|Any CPU
		{6401BB45-8DDF-2BEB-4B02-363185BD3AB3}.Debug|Any CPU.Build.0 = Debug|Any CPU
		{6401BB45-8DDF-2BEB-4B02-363185BD3AB3}.Release|Any CPU.ActiveCfg = Release|Any CPU
		{6401BB45-8DDF-2BEB-4B02-363185BD3AB3}.Release|Any CPU.Build.0 = Release|Any CPU
		{DF32186D-C41A-99A2-B4F2-DE4AEE14C1D4}.Debug|Any CPU.ActiveCfg = Debug|Any CPU
		{DF32186D-C41A-99A2-B4F2-DE4AEE14C1D4}.Debug|Any CPU.Build.0 = Debug|Any CPU
		{DF32186D-C41A-99A2-B4F2-DE4AEE14C1D4}.Release|Any CPU.ActiveCfg = Release|Any CPU
		{DF32186D-C41A-99A2-B4F2-DE4AEE14C1D4}.Release|Any CPU.Build.0 = Release|Any CPU
		{586A8757-9001-AB1E-3E03-2F003B32B3BE}.Debug|Any CPU.ActiveCfg = Debug|Any CPU
		{586A8757-9001-AB1E-3E03-2F003B32B3BE}.Debug|Any CPU.Build.0 = Debug|Any CPU
		{586A8757-9001-AB1E-3E03-2F003B32B3BE}.Release|Any CPU.ActiveCfg = Release|Any CPU
		{586A8757-9001-AB1E-3E03-2F003B32B3BE}.Release|Any CPU.Build.0 = Release|Any CPU
		{17456CB3-648F-99DD-045F-C5867C1EEEFE}.Debug|Any CPU.ActiveCfg = Debug|Any CPU
		{17456CB3-648F-99DD-045F-C5867C1EEEFE}.Debug|Any CPU.Build.0 = Debug|Any CPU
		{17456CB3-648F-99DD-045F-C5867C1EEEFE}.Release|Any CPU.ActiveCfg = Release|Any CPU
		{17456CB3-648F-99DD-045F-C5867C1EEEFE}.Release|Any CPU.Build.0 = Release|Any CPU
		{8BAD5E56-946D-A41C-4520-4C82A97A0CDB}.Debug|Any CPU.ActiveCfg = Debug|Any CPU
		{8BAD5E56-946D-A41C-4520-4C82A97A0CDB}.Debug|Any CPU.Build.0 = Debug|Any CPU
		{8BAD5E56-946D-A41C-4520-4C82A97A0CDB}.Release|Any CPU.ActiveCfg = Release|Any CPU
		{8BAD5E56-946D-A41C-4520-4C82A97A0CDB}.Release|Any CPU.Build.0 = Release|Any CPU
		{533298CC-B9AB-6547-2218-AE4833B48CC8}.Debug|Any CPU.ActiveCfg = Debug|Any CPU
		{533298CC-B9AB-6547-2218-AE4833B48CC8}.Debug|Any CPU.Build.0 = Debug|Any CPU
		{533298CC-B9AB-6547-2218-AE4833B48CC8}.Release|Any CPU.ActiveCfg = Release|Any CPU
		{533298CC-B9AB-6547-2218-AE4833B48CC8}.Release|Any CPU.Build.0 = Release|Any CPU
		{D457B7D6-AF16-FF87-3889-1A43FE4617B6}.Debug|Any CPU.ActiveCfg = Debug|Any CPU
		{D457B7D6-AF16-FF87-3889-1A43FE4617B6}.Debug|Any CPU.Build.0 = Debug|Any CPU
		{D457B7D6-AF16-FF87-3889-1A43FE4617B6}.Release|Any CPU.ActiveCfg = Release|Any CPU
		{D457B7D6-AF16-FF87-3889-1A43FE4617B6}.Release|Any CPU.Build.0 = Release|Any CPU
		{F3E80AB1-A318-6239-F8AD-FB8542B9C970}.Debug|Any CPU.ActiveCfg = Debug|Any CPU
		{F3E80AB1-A318-6239-F8AD-FB8542B9C970}.Debug|Any CPU.Build.0 = Debug|Any CPU
		{F3E80AB1-A318-6239-F8AD-FB8542B9C970}.Release|Any CPU.ActiveCfg = Release|Any CPU
		{F3E80AB1-A318-6239-F8AD-FB8542B9C970}.Release|Any CPU.Build.0 = Release|Any CPU
		{6C43DE24-44C8-D1AC-AB3F-194FDA2A033E}.Debug|Any CPU.ActiveCfg = Debug|Any CPU
		{6C43DE24-44C8-D1AC-AB3F-194FDA2A033E}.Debug|Any CPU.Build.0 = Debug|Any CPU
		{6C43DE24-44C8-D1AC-AB3F-194FDA2A033E}.Release|Any CPU.ActiveCfg = Release|Any CPU
		{6C43DE24-44C8-D1AC-AB3F-194FDA2A033E}.Release|Any CPU.Build.0 = Release|Any CPU
		{DE80EE7A-A384-017D-6DD3-50BA912FBD09}.Debug|Any CPU.ActiveCfg = Debug|Any CPU
		{DE80EE7A-A384-017D-6DD3-50BA912FBD09}.Debug|Any CPU.Build.0 = Debug|Any CPU
		{DE80EE7A-A384-017D-6DD3-50BA912FBD09}.Release|Any CPU.ActiveCfg = Release|Any CPU
		{DE80EE7A-A384-017D-6DD3-50BA912FBD09}.Release|Any CPU.Build.0 = Release|Any CPU
		{8FACD5A6-0E3F-6E2E-6A68-904F02D63163}.Debug|Any CPU.ActiveCfg = Debug|Any CPU
		{8FACD5A6-0E3F-6E2E-6A68-904F02D63163}.Debug|Any CPU.Build.0 = Debug|Any CPU
		{8FACD5A6-0E3F-6E2E-6A68-904F02D63163}.Release|Any CPU.ActiveCfg = Release|Any CPU
		{8FACD5A6-0E3F-6E2E-6A68-904F02D63163}.Release|Any CPU.Build.0 = Release|Any CPU
		{C4EFD1F0-EF34-DF50-F500-CF4194CA6EA4}.Debug|Any CPU.ActiveCfg = Debug|Any CPU
		{C4EFD1F0-EF34-DF50-F500-CF4194CA6EA4}.Debug|Any CPU.Build.0 = Debug|Any CPU
		{C4EFD1F0-EF34-DF50-F500-CF4194CA6EA4}.Release|Any CPU.ActiveCfg = Release|Any CPU
		{C4EFD1F0-EF34-DF50-F500-CF4194CA6EA4}.Release|Any CPU.Build.0 = Release|Any CPU
		{897BDA9D-241A-3245-25AF-B80CBF93A377}.Debug|Any CPU.ActiveCfg = Debug|Any CPU
		{897BDA9D-241A-3245-25AF-B80CBF93A377}.Debug|Any CPU.Build.0 = Debug|Any CPU
		{897BDA9D-241A-3245-25AF-B80CBF93A377}.Release|Any CPU.ActiveCfg = Release|Any CPU
		{897BDA9D-241A-3245-25AF-B80CBF93A377}.Release|Any CPU.Build.0 = Release|Any CPU
		{19675305-6956-C56E-0E2A-B2D3521E908C}.Debug|Any CPU.ActiveCfg = Debug|Any CPU
		{19675305-6956-C56E-0E2A-B2D3521E908C}.Debug|Any CPU.Build.0 = Debug|Any CPU
		{19675305-6956-C56E-0E2A-B2D3521E908C}.Release|Any CPU.ActiveCfg = Release|Any CPU
		{19675305-6956-C56E-0E2A-B2D3521E908C}.Release|Any CPU.Build.0 = Release|Any CPU
	EndGlobalSection
	GlobalSection(SolutionProperties) = preSolution
		HideSolutionNode = FALSE
	EndGlobalSection
EndGlobal
